
Microsoft Visual Studio Solution File, Format Version 12.00
# Visual Studio Version 16
VisualStudioVersion = 16.0.30523.141
MinimumVisualStudioVersion = 10.0.40219.1
Project("{9A19103F-16F7-4668-BE54-9A1E7A4F7556}") = "Lift", "Lift.csproj", "{D8BA3BD4-170B-4583-B7DA-A470ADF72220}"
EndProject
Project("{FAE04EC0-301F-11D3-BF4B-00C04F79EFBC}") = "LiftTests", "..\LiftTests\LiftTests.csproj", "{9FC3D4A7-8B77-45CB-B3BB-CE60EF621F49}"
EndProject
Global
	GlobalSection(SolutionConfigurationPlatforms) = preSolution
		Debug|Any CPU = Debug|Any CPU
		Release|Any CPU = Release|Any CPU
	EndGlobalSection
	GlobalSection(ProjectConfigurationPlatforms) = postSolution
		{D8BA3BD4-170B-4583-B7DA-A470ADF72220}.Debug|Any CPU.ActiveCfg = Debug|Any CPU
		{D8BA3BD4-170B-4583-B7DA-A470ADF72220}.Debug|Any CPU.Build.0 = Debug|Any CPU
		{D8BA3BD4-170B-4583-B7DA-A470ADF72220}.Release|Any CPU.ActiveCfg = Release|Any CPU
		{D8BA3BD4-170B-4583-B7DA-A470ADF72220}.Release|Any CPU.Build.0 = Release|Any CPU
		{9FC3D4A7-8B77-45CB-B3BB-CE60EF621F49}.Debug|Any CPU.ActiveCfg = Debug|Any CPU
		{9FC3D4A7-8B77-45CB-B3BB-CE60EF621F49}.Debug|Any CPU.Build.0 = Debug|Any CPU
		{9FC3D4A7-8B77-45CB-B3BB-CE60EF621F49}.Release|Any CPU.ActiveCfg = Release|Any CPU
		{9FC3D4A7-8B77-45CB-B3BB-CE60EF621F49}.Release|Any CPU.Build.0 = Release|Any CPU
	EndGlobalSection
	GlobalSection(SolutionProperties) = preSolution
		HideSolutionNode = FALSE
	EndGlobalSection
	GlobalSection(ExtensibilityGlobals) = postSolution
		SolutionGuid = {FC5E7501-2818-4A1A-A1DC-C51B803F1753}
	EndGlobalSection
EndGlobal
